
Microsoft Visual Studio Solution File, Format Version 12.00
# Visual Studio Express 2012 for Windows Desktop
Project("{FAE04EC0-301F-11D3-BF4B-00C04F79EFBC}") = "gain", "gain\gain.csproj", "{8551BE18-401F-4CF8-B98D-CA53ECB56BAE}"
EndProject
Global
	GlobalSection(SolutionConfigurationPlatforms) = preSolution
		Debug|Any CPU = Debug|Any CPU
		Release|Any CPU = Release|Any CPU
	EndGlobalSection
	GlobalSection(ProjectConfigurationPlatforms) = postSolution
		{8551BE18-401F-4CF8-B98D-CA53ECB56BAE}.Debug|Any CPU.ActiveCfg = Debug|Any CPU
		{8551BE18-401F-4CF8-B98D-CA53ECB56BAE}.Debug|Any CPU.Build.0 = Debug|Any CPU
		{8551BE18-401F-4CF8-B98D-CA53ECB56BAE}.Release|Any CPU.ActiveCfg = Release|Any CPU
		{8551BE18-401F-4CF8-B98D-CA53ECB56BAE}.Release|Any CPU.Build.0 = Release|Any CPU
	EndGlobalSection
	GlobalSection(SolutionProperties) = preSolution
		HideSolutionNode = FALSE
	EndGlobalSection
EndGlobal
