
Microsoft Visual Studio Solution File, Format Version 12.00
# Visual Studio Express 2012 for Windows Desktop
Project("{FAE04EC0-301F-11D3-BF4B-00C04F79EFBC}") = "car_Sell", "car_Sell\car_Sell.csproj", "{4B59E960-4691-4151-90B3-6C0D05E35764}"
EndProject
Global
	GlobalSection(SolutionConfigurationPlatforms) = preSolution
		Debug|Any CPU = Debug|Any CPU
		Release|Any CPU = Release|Any CPU
	EndGlobalSection
	GlobalSection(ProjectConfigurationPlatforms) = postSolution
		{4B59E960-4691-4151-90B3-6C0D05E35764}.Debug|Any CPU.ActiveCfg = Debug|Any CPU
		{4B59E960-4691-4151-90B3-6C0D05E35764}.Debug|Any CPU.Build.0 = Debug|Any CPU
		{4B59E960-4691-4151-90B3-6C0D05E35764}.Release|Any CPU.ActiveCfg = Release|Any CPU
		{4B59E960-4691-4151-90B3-6C0D05E35764}.Release|Any CPU.Build.0 = Release|Any CPU
	EndGlobalSection
	GlobalSection(SolutionProperties) = preSolution
		HideSolutionNode = FALSE
	EndGlobalSection
EndGlobal
