
Microsoft Visual Studio Solution File, Format Version 12.00
# Visual Studio Express 2012 for Windows Desktop
Project("{FAE04EC0-301F-11D3-BF4B-00C04F79EFBC}") = "UCT", "UCT\UCT.csproj", "{4A59C5E1-FC99-4C84-8F9B-5DC1DBC11BDC}"
EndProject
Project("{FAE04EC0-301F-11D3-BF4B-00C04F79EFBC}") = "Account", "Account\Account.csproj", "{AE0FF0B4-08D2-4443-B992-FE951AB93C63}"
EndProject
Global
	GlobalSection(SolutionConfigurationPlatforms) = preSolution
		Debug|Any CPU = Debug|Any CPU
		Release|Any CPU = Release|Any CPU
	EndGlobalSection
	GlobalSection(ProjectConfigurationPlatforms) = postSolution
		{4A59C5E1-FC99-4C84-8F9B-5DC1DBC11BDC}.Debug|Any CPU.ActiveCfg = Debug|Any CPU
		{4A59C5E1-FC99-4C84-8F9B-5DC1DBC11BDC}.Debug|Any CPU.Build.0 = Debug|Any CPU
		{4A59C5E1-FC99-4C84-8F9B-5DC1DBC11BDC}.Release|Any CPU.ActiveCfg = Release|Any CPU
		{4A59C5E1-FC99-4C84-8F9B-5DC1DBC11BDC}.Release|Any CPU.Build.0 = Release|Any CPU
		{AE0FF0B4-08D2-4443-B992-FE951AB93C63}.Debug|Any CPU.ActiveCfg = Debug|Any CPU
		{AE0FF0B4-08D2-4443-B992-FE951AB93C63}.Debug|Any CPU.Build.0 = Debug|Any CPU
		{AE0FF0B4-08D2-4443-B992-FE951AB93C63}.Release|Any CPU.ActiveCfg = Release|Any CPU
		{AE0FF0B4-08D2-4443-B992-FE951AB93C63}.Release|Any CPU.Build.0 = Release|Any CPU
	EndGlobalSection
	GlobalSection(SolutionProperties) = preSolution
		HideSolutionNode = FALSE
	EndGlobalSection
EndGlobal
